
Microsoft Visual Studio Solution File, Format Version 12.00
# Visual Studio Version 16
VisualStudioVersion = 16.0.31729.503
MinimumVisualStudioVersion = 10.0.40219.1
Project("{8BC9CEB8-8B4A-11D0-8D11-00A0C91BC942}") = "mp2-lab3-stack", "mp2-lab3-stack\mp2-lab3-stack.vcxproj", "{9BD88CC2-4820-4CCB-8232-9F8867516093}"
EndProject
Project("{8BC9CEB8-8B4A-11D0-8D11-00A0C91BC942}") = "Test", "Test\Test.vcxproj", "{38BC3D9A-59CD-4450-A28C-29D0546A8AA3}"
EndProject
Global
	GlobalSection(SolutionConfigurationPlatforms) = preSolution
		Debug|x64 = Debug|x64
		Debug|x86 = Debug|x86
		Release|x64 = Release|x64
		Release|x86 = Release|x86
	EndGlobalSection
	GlobalSection(ProjectConfigurationPlatforms) = postSolution
		{9BD88CC2-4820-4CCB-8232-9F8867516093}.Debug|x64.ActiveCfg = Debug|x64
		{9BD88CC2-4820-4CCB-8232-9F8867516093}.Debug|x64.Build.0 = Debug|x64
		{9BD88CC2-4820-4CCB-8232-9F8867516093}.Debug|x86.ActiveCfg = Debug|Win32
		{9BD88CC2-4820-4CCB-8232-9F8867516093}.Debug|x86.Build.0 = Debug|Win32
		{9BD88CC2-4820-4CCB-8232-9F8867516093}.Release|x64.ActiveCfg = Release|x64
		{9BD88CC2-4820-4CCB-8232-9F8867516093}.Release|x64.Build.0 = Release|x64
		{9BD88CC2-4820-4CCB-8232-9F8867516093}.Release|x86.ActiveCfg = Release|Win32
		{9BD88CC2-4820-4CCB-8232-9F8867516093}.Release|x86.Build.0 = Release|Win32
		{38BC3D9A-59CD-4450-A28C-29D0546A8AA3}.Debug|x64.ActiveCfg = Debug|x64
		{38BC3D9A-59CD-4450-A28C-29D0546A8AA3}.Debug|x64.Build.0 = Debug|x64
		{38BC3D9A-59CD-4450-A28C-29D0546A8AA3}.Debug|x86.ActiveCfg = Debug|Win32
		{38BC3D9A-59CD-4450-A28C-29D0546A8AA3}.Debug|x86.Build.0 = Debug|Win32
		{38BC3D9A-59CD-4450-A28C-29D0546A8AA3}.Release|x64.ActiveCfg = Release|x64
		{38BC3D9A-59CD-4450-A28C-29D0546A8AA3}.Release|x64.Build.0 = Release|x64
		{38BC3D9A-59CD-4450-A28C-29D0546A8AA3}.Release|x86.ActiveCfg = Release|Win32
		{38BC3D9A-59CD-4450-A28C-29D0546A8AA3}.Release|x86.Build.0 = Release|Win32
	EndGlobalSection
	GlobalSection(SolutionProperties) = preSolution
		HideSolutionNode = FALSE
	EndGlobalSection
	GlobalSection(ExtensibilityGlobals) = postSolution
		SolutionGuid = {F399B8C0-2404-4BA7-9AB7-912A0D888107}
	EndGlobalSection
EndGlobal
